
Microsoft Visual Studio Solution File, Format Version 12.00
# Visual Studio Version 16
VisualStudioVersion = 16.0.33529.622
MinimumVisualStudioVersion = 10.0.40219.1
Project("{FAE04EC0-301F-11D3-BF4B-00C04F79EFBC}") = "ProjetoMosquitoVelho", "ProjetoMosquitoVelho\ProjetoMosquitoVelho.csproj", "{0266C0EE-69AE-4887-BEC2-1654015B9693}"
EndProject
Global
	GlobalSection(SolutionConfigurationPlatforms) = preSolution
		Debug|Any CPU = Debug|Any CPU
		Release|Any CPU = Release|Any CPU
	EndGlobalSection
	GlobalSection(ProjectConfigurationPlatforms) = postSolution
		{0266C0EE-69AE-4887-BEC2-1654015B9693}.Debug|Any CPU.ActiveCfg = Debug|Any CPU
		{0266C0EE-69AE-4887-BEC2-1654015B9693}.Debug|Any CPU.Build.0 = Debug|Any CPU
		{0266C0EE-69AE-4887-BEC2-1654015B9693}.Release|Any CPU.ActiveCfg = Release|Any CPU
		{0266C0EE-69AE-4887-BEC2-1654015B9693}.Release|Any CPU.Build.0 = Release|Any CPU
	EndGlobalSection
	GlobalSection(SolutionProperties) = preSolution
		HideSolutionNode = FALSE
	EndGlobalSection
	GlobalSection(ExtensibilityGlobals) = postSolution
		SolutionGuid = {6E18A6D8-6505-471C-82ED-CE460CC88FCE}
	EndGlobalSection
EndGlobal
